// !$*UTF8*$!
{
	archiveVersion = 1;
	classes = {
	};
	objectVersion = 56;
	objects = {

/* Begin PBXBuildFile section */
		94F3958F296B369F00462279 /* DataFlowApp.swift in Sources */ = {isa = PBXBuildFile; fileRef = 94F3958E296B369F00462279 /* DataFlowApp.swift */; };
		94F39591296B369F00462279 /* PassingDataFromChildToParentView.swift in Sources */ = {isa = PBXBuildFile; fileRef = 94F39590296B369F00462279 /* PassingDataFromChildToParentView.swift */; };
		94F39593296B36A100462279 /* Assets.xcassets in Resources */ = {isa = PBXBuildFile; fileRef = 94F39592296B36A100462279 /* Assets.xcassets */; };
		94F39596296B36A100462279 /* Preview Assets.xcassets in Resources */ = {isa = PBXBuildFile; fileRef = 94F39595296B36A100462279 /* Preview Assets.xcassets */; };
		94F3959D296B379900462279 /* AddItemView.swift in Sources */ = {isa = PBXBuildFile; fileRef = 94F3959C296B379900462279 /* AddItemView.swift */; };
		94F395A0296B3C7700462279 /* GlobalStateUsingEnvironmentObject.swift in Sources */ = {isa = PBXBuildFile; fileRef = 94F3959F296B3C7700462279 /* GlobalStateUsingEnvironmentObject.swift */; };
		94F395A3296B3E4200462279 /* Counter.swift in Sources */ = {isa = PBXBuildFile; fileRef = 94F395A2296B3E4200462279 /* Counter.swift */; };
		94F395A5296C17E700462279 /* ListeningForChanges.swift in Sources */ = {isa = PBXBuildFile; fileRef = 94F395A4296C17E700462279 /* ListeningForChanges.swift */; };
		94F395A7296C19D500462279 /* ListeningForNotificationsChanges.swift in Sources */ = {isa = PBXBuildFile; fileRef = 94F395A6296C19D500462279 /* ListeningForNotificationsChanges.swift */; };
		94F395A9296C1B7000462279 /* DownloadAndDisplayImages.swift in Sources */ = {isa = PBXBuildFile; fileRef = 94F395A8296C1B7000462279 /* DownloadAndDisplayImages.swift */; };
		94F395AC296C1BB300462279 /* ImageLoader.swift in Sources */ = {isa = PBXBuildFile; fileRef = 94F395AB296C1BB300462279 /* ImageLoader.swift */; };
		94F395AE296C1C5F00462279 /* URLImage.swift in Sources */ = {isa = PBXBuildFile; fileRef = 94F395AD296C1C5F00462279 /* URLImage.swift */; };
		94F395B0296C204800462279 /* UsingAppStorage.swift in Sources */ = {isa = PBXBuildFile; fileRef = 94F395AF296C204800462279 /* UsingAppStorage.swift */; };
/* End PBXBuildFile section */

/* Begin PBXFileReference section */
		94F3958B296B369F00462279 /* DataFlow.app */ = {isa = PBXFileReference; explicitFileType = wrapper.application; includeInIndex = 0; path = DataFlow.app; sourceTree = BUILT_PRODUCTS_DIR; };
		94F3958E296B369F00462279 /* DataFlowApp.swift */ = {isa = PBXFileReference; lastKnownFileType = sourcecode.swift; path = DataFlowApp.swift; sourceTree = "<group>"; };
		94F39590296B369F00462279 /* PassingDataFromChildToParentView.swift */ = {isa = PBXFileReference; lastKnownFileType = sourcecode.swift; path = PassingDataFromChildToParentView.swift; sourceTree = "<group>"; };
		94F39592296B36A100462279 /* Assets.xcassets */ = {isa = PBXFileReference; lastKnownFileType = folder.assetcatalog; path = Assets.xcassets; sourceTree = "<group>"; };
		94F39595296B36A100462279 /* Preview Assets.xcassets */ = {isa = PBXFileReference; lastKnownFileType = folder.assetcatalog; path = "Preview Assets.xcassets"; sourceTree = "<group>"; };
		94F3959C296B379900462279 /* AddItemView.swift */ = {isa = PBXFileReference; lastKnownFileType = sourcecode.swift; path = AddItemView.swift; sourceTree = "<group>"; };
		94F3959F296B3C7700462279 /* GlobalStateUsingEnvironmentObject.swift */ = {isa = PBXFileReference; lastKnownFileType = sourcecode.swift; path = GlobalStateUsingEnvironmentObject.swift; sourceTree = "<group>"; };
		94F395A2296B3E4200462279 /* Counter.swift */ = {isa = PBXFileReference; lastKnownFileType = sourcecode.swift; path = Counter.swift; sourceTree = "<group>"; };
		94F395A4296C17E700462279 /* ListeningForChanges.swift */ = {isa = PBXFileReference; lastKnownFileType = sourcecode.swift; path = ListeningForChanges.swift; sourceTree = "<group>"; };
		94F395A6296C19D500462279 /* ListeningForNotificationsChanges.swift */ = {isa = PBXFileReference; lastKnownFileType = sourcecode.swift; path = ListeningForNotificationsChanges.swift; sourceTree = "<group>"; };
		94F395A8296C1B7000462279 /* DownloadAndDisplayImages.swift */ = {isa = PBXFileReference; lastKnownFileType = sourcecode.swift; path = DownloadAndDisplayImages.swift; sourceTree = "<group>"; };
		94F395AB296C1BB300462279 /* ImageLoader.swift */ = {isa = PBXFileReference; lastKnownFileType = sourcecode.swift; path = ImageLoader.swift; sourceTree = "<group>"; };
		94F395AD296C1C5F00462279 /* URLImage.swift */ = {isa = PBXFileReference; lastKnownFileType = sourcecode.swift; path = URLImage.swift; sourceTree = "<group>"; };
		94F395AF296C204800462279 /* UsingAppStorage.swift */ = {isa = PBXFileReference; lastKnownFileType = sourcecode.swift; path = UsingAppStorage.swift; sourceTree = "<group>"; };
/* End PBXFileReference section */

/* Begin PBXFrameworksBuildPhase section */
		94F39588296B369F00462279 /* Frameworks */ = {
			isa = PBXFrameworksBuildPhase;
			buildActionMask = 2147483647;
			files = (
			);
			runOnlyForDeploymentPostprocessing = 0;
		};
/* End PBXFrameworksBuildPhase section */

/* Begin PBXGroup section */
		94F39582296B369F00462279 = {
			isa = PBXGroup;
			children = (
				94F3958D296B369F00462279 /* DataFlow */,
				94F3958C296B369F00462279 /* Products */,
			);
			sourceTree = "<group>";
		};
		94F3958C296B369F00462279 /* Products */ = {
			isa = PBXGroup;
			children = (
				94F3958B296B369F00462279 /* DataFlow.app */,
			);
			name = Products;
			sourceTree = "<group>";
		};
		94F3958D296B369F00462279 /* DataFlow */ = {
			isa = PBXGroup;
			children = (
				94F3958E296B369F00462279 /* DataFlowApp.swift */,
				94F3959E296B37A800462279 /* PassingDataFromChildToParentView */,
				94F395A1296B3E1200462279 /* GlobalStateUsingEnvironmentObject */,
				94F395A4296C17E700462279 /* ListeningForChanges.swift */,
				94F395A6296C19D500462279 /* ListeningForNotificationsChanges.swift */,
				94F395AA296C1BA000462279 /* DownloadAndDisplayImages */,
				94F395AF296C204800462279 /* UsingAppStorage.swift */,
				94F39592296B36A100462279 /* Assets.xcassets */,
				94F39594296B36A100462279 /* Preview Content */,
			);
			path = DataFlow;
			sourceTree = "<group>";
		};
		94F39594296B36A100462279 /* Preview Content */ = {
			isa = PBXGroup;
			children = (
				94F39595296B36A100462279 /* Preview Assets.xcassets */,
			);
			path = "Preview Content";
			sourceTree = "<group>";
		};
		94F3959E296B37A800462279 /* PassingDataFromChildToParentView */ = {
			isa = PBXGroup;
			children = (
				94F3959C296B379900462279 /* AddItemView.swift */,
				94F39590296B369F00462279 /* PassingDataFromChildToParentView.swift */,
			);
			path = PassingDataFromChildToParentView;
			sourceTree = "<group>";
		};
		94F395A1296B3E1200462279 /* GlobalStateUsingEnvironmentObject */ = {
			isa = PBXGroup;
			children = (
				94F395A2296B3E4200462279 /* Counter.swift */,
				94F3959F296B3C7700462279 /* GlobalStateUsingEnvironmentObject.swift */,
			);
			path = GlobalStateUsingEnvironmentObject;
			sourceTree = "<group>";
		};
		94F395AA296C1BA000462279 /* DownloadAndDisplayImages */ = {
			isa = PBXGroup;
			children = (
				94F395A8296C1B7000462279 /* DownloadAndDisplayImages.swift */,
				94F395AB296C1BB300462279 /* ImageLoader.swift */,
				94F395AD296C1C5F00462279 /* URLImage.swift */,
			);
			path = DownloadAndDisplayImages;
			sourceTree = "<group>";
		};
/* End PBXGroup section */

/* Begin PBXNativeTarget section */
		94F3958A296B369F00462279 /* DataFlow */ = {
			isa = PBXNativeTarget;
			buildConfigurationList = 94F39599296B36A100462279 /* Build configuration list for PBXNativeTarget "DataFlow" */;
			buildPhases = (
				94F39587296B369F00462279 /* Sources */,
				94F39588296B369F00462279 /* Frameworks */,
				94F39589296B369F00462279 /* Resources */,
			);
			buildRules = (
			);
			dependencies = (
			);
			name = DataFlow;
			productName = DataFlow;
			productReference = 94F3958B296B369F00462279 /* DataFlow.app */;
			productType = "com.apple.product-type.application";
		};
/* End PBXNativeTarget section */

/* Begin PBXProject section */
		94F39583296B369F00462279 /* Project object */ = {
			isa = PBXProject;
			attributes = {
				BuildIndependentTargetsInParallel = 1;
				LastSwiftUpdateCheck = 1410;
				LastUpgradeCheck = 1410;
				TargetAttributes = {
					94F3958A296B369F00462279 = {
						CreatedOnToolsVersion = 14.1;
					};
				};
			};
			buildConfigurationList = 94F39586296B369F00462279 /* Build configuration list for PBXProject "DataFlow" */;
			compatibilityVersion = "Xcode 14.0";
			developmentRegion = en;
			hasScannedForEncodings = 0;
			knownRegions = (
				en,
				Base,
			);
			mainGroup = 94F39582296B369F00462279;
			productRefGroup = 94F3958C296B369F00462279 /* Products */;
			projectDirPath = "";
			projectRoot = "";
			targets = (
				94F3958A296B369F00462279 /* DataFlow */,
			);
		};
/* End PBXProject section */

/* Begin PBXResourcesBuildPhase section */
		94F39589296B369F00462279 /* Resources */ = {
			isa = PBXResourcesBuildPhase;
			buildActionMask = 2147483647;
			files = (
				94F39596296B36A100462279 /* Preview Assets.xcassets in Resources */,
				94F39593296B36A100462279 /* Assets.xcassets in Resources */,
			);
			runOnlyForDeploymentPostprocessing = 0;
		};
/* End PBXResourcesBuildPhase section */

/* Begin PBXSourcesBuildPhase section */
		94F39587296B369F00462279 /* Sources */ = {
			isa = PBXSourcesBuildPhase;
			buildActionMask = 2147483647;
			files = (
				94F395B0296C204800462279 /* UsingAppStorage.swift in Sources */,
				94F395A9296C1B7000462279 /* DownloadAndDisplayImages.swift in Sources */,
				94F395A3296B3E4200462279 /* Counter.swift in Sources */,
				94F395A7296C19D500462279 /* ListeningForNotificationsChanges.swift in Sources */,
				94F395AE296C1C5F00462279 /* URLImage.swift in Sources */,
				94F39591296B369F00462279 /* PassingDataFromChildToParentView.swift in Sources */,
				94F3959D296B379900462279 /* AddItemView.swift in Sources */,
				94F395AC296C1BB300462279 /* ImageLoader.swift in Sources */,
				94F395A5296C17E700462279 /* ListeningForChanges.swift in Sources */,
				94F395A0296B3C7700462279 /* GlobalStateUsingEnvironmentObject.swift in Sources */,
				94F3958F296B369F00462279 /* DataFlowApp.swift in Sources */,
			);
			runOnlyForDeploymentPostprocessing = 0;
		};
/* End PBXSourcesBuildPhase section */

/* Begin XCBuildConfiguration section */
		94F39597296B36A100462279 /* Debug */ = {
			isa = XCBuildConfiguration;
			buildSettings = {
				ALWAYS_SEARCH_USER_PATHS = NO;
				CLANG_ANALYZER_NONNULL = YES;
				CLANG_ANALYZER_NUMBER_OBJECT_CONVERSION = YES_AGGRESSIVE;
				CLANG_CXX_LANGUAGE_STANDARD = "gnu++20";
				CLANG_ENABLE_MODULES = YES;
				CLANG_ENABLE_OBJC_ARC = YES;
				CLANG_ENABLE_OBJC_WEAK = YES;
				CLANG_WARN_BLOCK_CAPTURE_AUTORELEASING = YES;
				CLANG_WARN_BOOL_CONVERSION = YES;
				CLANG_WARN_COMMA = YES;
				CLANG_WARN_CONSTANT_CONVERSION = YES;
				CLANG_WARN_DEPRECATED_OBJC_IMPLEMENTATIONS = YES;
				CLANG_WARN_DIRECT_OBJC_ISA_USAGE = YES_ERROR;
				CLANG_WARN_DOCUMENTATION_COMMENTS = YES;
				CLANG_WARN_EMPTY_BODY = YES;
				CLANG_WARN_ENUM_CONVERSION = YES;
				CLANG_WARN_INFINITE_RECURSION = YES;
				CLANG_WARN_INT_CONVERSION = YES;
				CLANG_WARN_NON_LITERAL_NULL_CONVERSION = YES;
				CLANG_WARN_OBJC_IMPLICIT_RETAIN_SELF = YES;
				CLANG_WARN_OBJC_LITERAL_CONVERSION = YES;
				CLANG_WARN_OBJC_ROOT_CLASS = YES_ERROR;
				CLANG_WARN_QUOTED_INCLUDE_IN_FRAMEWORK_HEADER = YES;
				CLANG_WARN_RANGE_LOOP_ANALYSIS = YES;
				CLANG_WARN_STRICT_PROTOTYPES = YES;
				CLANG_WARN_SUSPICIOUS_MOVE = YES;
				CLANG_WARN_UNGUARDED_AVAILABILITY = YES_AGGRESSIVE;
				CLANG_WARN_UNREACHABLE_CODE = YES;
				CLANG_WARN__DUPLICATE_METHOD_MATCH = YES;
				COPY_PHASE_STRIP = NO;
				DEBUG_INFORMATION_FORMAT = dwarf;
				ENABLE_STRICT_OBJC_MSGSEND = YES;
				ENABLE_TESTABILITY = YES;
				GCC_C_LANGUAGE_STANDARD = gnu11;
				GCC_DYNAMIC_NO_PIC = NO;
				GCC_NO_COMMON_BLOCKS = YES;
				GCC_OPTIMIZATION_LEVEL = 0;
				GCC_PREPROCESSOR_DEFINITIONS = (
					"DEBUG=1",
					"$(inherited)",
				);
				GCC_WARN_64_TO_32_BIT_CONVERSION = YES;
				GCC_WARN_ABOUT_RETURN_TYPE = YES_ERROR;
				GCC_WARN_UNDECLARED_SELECTOR = YES;
				GCC_WARN_UNINITIALIZED_AUTOS = YES_AGGRESSIVE;
				GCC_WARN_UNUSED_FUNCTION = YES;
				GCC_WARN_UNUSED_VARIABLE = YES;
				IPHONEOS_DEPLOYMENT_TARGET = 16.1;
				MTL_ENABLE_DEBUG_INFO = INCLUDE_SOURCE;
				MTL_FAST_MATH = YES;
				ONLY_ACTIVE_ARCH = YES;
				SDKROOT = iphoneos;
				SWIFT_ACTIVE_COMPILATION_CONDITIONS = DEBUG;
				SWIFT_OPTIMIZATION_LEVEL = "-Onone";
			};
			name = Debug;
		};
		94F39598296B36A100462279 /* Release */ = {
			isa = XCBuildConfiguration;
			buildSettings = {
				ALWAYS_SEARCH_USER_PATHS = NO;
				CLANG_ANALYZER_NONNULL = YES;
				CLANG_ANALYZER_NUMBER_OBJECT_CONVERSION = YES_AGGRESSIVE;
				CLANG_CXX_LANGUAGE_STANDARD = "gnu++20";
				CLANG_ENABLE_MODULES = YES;
				CLANG_ENABLE_OBJC_ARC = YES;
				CLANG_ENABLE_OBJC_WEAK = YES;
				CLANG_WARN_BLOCK_CAPTURE_AUTORELEASING = YES;
				CLANG_WARN_BOOL_CONVERSION = YES;
				CLANG_WARN_COMMA = YES;
				CLANG_WARN_CONSTANT_CONVERSION = YES;
				CLANG_WARN_DEPRECATED_OBJC_IMPLEMENTATIONS = YES;
				CLANG_WARN_DIRECT_OBJC_ISA_USAGE = YES_ERROR;
				CLANG_WARN_DOCUMENTATION_COMMENTS = YES;
				CLANG_WARN_EMPTY_BODY = YES;
				CLANG_WARN_ENUM_CONVERSION = YES;
				CLANG_WARN_INFINITE_RECURSION = YES;
				CLANG_WARN_INT_CONVERSION = YES;
				CLANG_WARN_NON_LITERAL_NULL_CONVERSION = YES;
				CLANG_WARN_OBJC_IMPLICIT_RETAIN_SELF = YES;
				CLANG_WARN_OBJC_LITERAL_CONVERSION = YES;
				CLANG_WARN_OBJC_ROOT_CLASS = YES_ERROR;
				CLANG_WARN_QUOTED_INCLUDE_IN_FRAMEWORK_HEADER = YES;
				CLANG_WARN_RANGE_LOOP_ANALYSIS = YES;
				CLANG_WARN_STRICT_PROTOTYPES = YES;
				CLANG_WARN_SUSPICIOUS_MOVE = YES;
				CLANG_WARN_UNGUARDED_AVAILABILITY = YES_AGGRESSIVE;
				CLANG_WARN_UNREACHABLE_CODE = YES;
				CLANG_WARN__DUPLICATE_METHOD_MATCH = YES;
				COPY_PHASE_STRIP = NO;
				DEBUG_INFORMATION_FORMAT = "dwarf-with-dsym";
				ENABLE_NS_ASSERTIONS = NO;
				ENABLE_STRICT_OBJC_MSGSEND = YES;
				GCC_C_LANGUAGE_STANDARD = gnu11;
				GCC_NO_COMMON_BLOCKS = YES;
				GCC_WARN_64_TO_32_BIT_CONVERSION = YES;
				GCC_WARN_ABOUT_RETURN_TYPE = YES_ERROR;
				GCC_WARN_UNDECLARED_SELECTOR = YES;
				GCC_WARN_UNINITIALIZED_AUTOS = YES_AGGRESSIVE;
				GCC_WARN_UNUSED_FUNCTION = YES;
				GCC_WARN_UNUSED_VARIABLE = YES;
				IPHONEOS_DEPLOYMENT_TARGET = 16.1;
				MTL_ENABLE_DEBUG_INFO = NO;
				MTL_FAST_MATH = YES;
				SDKROOT = iphoneos;
				SWIFT_COMPILATION_MODE = wholemodule;
				SWIFT_OPTIMIZATION_LEVEL = "-O";
				VALIDATE_PRODUCT = YES;
			};
			name = Release;
		};
		94F3959A296B36A100462279 /* Debug */ = {
			isa = XCBuildConfiguration;
			buildSettings = {
				ASSETCATALOG_COMPILER_APPICON_NAME = AppIcon;
				ASSETCATALOG_COMPILER_GLOBAL_ACCENT_COLOR_NAME = AccentColor;
				CODE_SIGN_STYLE = Automatic;
				CURRENT_PROJECT_VERSION = 1;
				DEVELOPMENT_ASSET_PATHS = "\"DataFlow/Preview Content\"";
				DEVELOPMENT_TEAM = 7Y3U7L4DFL;
				ENABLE_PREVIEWS = YES;
				GENERATE_INFOPLIST_FILE = YES;
				INFOPLIST_KEY_UIApplicationSceneManifest_Generation = YES;
				INFOPLIST_KEY_UIApplicationSupportsIndirectInputEvents = YES;
				INFOPLIST_KEY_UILaunchScreen_Generation = YES;
				INFOPLIST_KEY_UISupportedInterfaceOrientations_iPad = "UIInterfaceOrientationPortrait UIInterfaceOrientationPortraitUpsideDown UIInterfaceOrientationLandscapeLeft UIInterfaceOrientationLandscapeRight";
				INFOPLIST_KEY_UISupportedInterfaceOrientations_iPhone = "UIInterfaceOrientationPortrait UIInterfaceOrientationLandscapeLeft UIInterfaceOrientationLandscapeRight";
				LD_RUNPATH_SEARCH_PATHS = (
					"$(inherited)",
					"@executable_path/Frameworks",
				);
				MARKETING_VERSION = 1.0;
				PRODUCT_BUNDLE_IDENTIFIER = com.leohsmedeiros.DataFlow;
				PRODUCT_NAME = "$(TARGET_NAME)";
				SWIFT_EMIT_LOC_STRINGS = YES;
				SWIFT_VERSION = 5.0;
				TARGETED_DEVICE_FAMILY = "1,2";
			};
			name = Debug;
		};
		94F3959B296B36A100462279 /* Release */ = {
			isa = XCBuildConfiguration;
			buildSettings = {
				ASSETCATALOG_COMPILER_APPICON_NAME = AppIcon;
				ASSETCATALOG_COMPILER_GLOBAL_ACCENT_COLOR_NAME = AccentColor;
				CODE_SIGN_STYLE = Automatic;
				CURRENT_PROJECT_VERSION = 1;
				DEVELOPMENT_ASSET_PATHS = "\"DataFlow/Preview Content\"";
				DEVELOPMENT_TEAM = 7Y3U7L4DFL;
				ENABLE_PREVIEWS = YES;
				GENERATE_INFOPLIST_FILE = YES;
				INFOPLIST_KEY_UIApplicationSceneManifest_Generation = YES;
				INFOPLIST_KEY_UIApplicationSupportsIndirectInputEvents = YES;
				INFOPLIST_KEY_UILaunchScreen_Generation = YES;
				INFOPLIST_KEY_UISupportedInterfaceOrientations_iPad = "UIInterfaceOrientationPortrait UIInterfaceOrientationPortraitUpsideDown UIInterfaceOrientationLandscapeLeft UIInterfaceOrientationLandscapeRight";
				INFOPLIST_KEY_UISupportedInterfaceOrientations_iPhone = "UIInterfaceOrientationPortrait UIInterfaceOrientationLandscapeLeft UIInterfaceOrientationLandscapeRight";
				LD_RUNPATH_SEARCH_PATHS = (
					"$(inherited)",
					"@executable_path/Frameworks",
				);
				MARKETING_VERSION = 1.0;
				PRODUCT_BUNDLE_IDENTIFIER = com.leohsmedeiros.DataFlow;
				PRODUCT_NAME = "$(TARGET_NAME)";
				SWIFT_EMIT_LOC_STRINGS = YES;
				SWIFT_VERSION = 5.0;
				TARGETED_DEVICE_FAMILY = "1,2";
			};
			name = Release;
		};
/* End XCBuildConfiguration section */

/* Begin XCConfigurationList section */
		94F39586296B369F00462279 /* Build configuration list for PBXProject "DataFlow" */ = {
			isa = XCConfigurationList;
			buildConfigurations = (
				94F39597296B36A100462279 /* Debug */,
				94F39598296B36A100462279 /* Release */,
			);
			defaultConfigurationIsVisible = 0;
			defaultConfigurationName = Release;
		};
		94F39599296B36A100462279 /* Build configuration list for PBXNativeTarget "DataFlow" */ = {
			isa = XCConfigurationList;
			buildConfigurations = (
				94F3959A296B36A100462279 /* Debug */,
				94F3959B296B36A100462279 /* Release */,
			);
			defaultConfigurationIsVisible = 0;
			defaultConfigurationName = Release;
		};
/* End XCConfigurationList section */
	};
	rootObject = 94F39583296B369F00462279 /* Project object */;
}
